
Microsoft Visual Studio Solution File, Format Version 12.00
# Visual Studio Version 17
VisualStudioVersion = 17.1.32421.90
MinimumVisualStudioVersion = 10.0.40219.1
Project("{8BC9CEB8-8B4A-11D0-8D11-00A0C91BC942}") = "Program_6", "Program_6\Program_6.vcxproj", "{35F11B49-DCA6-49EC-9D6A-57984DD3EB3B}"
EndProject
Global
	GlobalSection(SolutionConfigurationPlatforms) = preSolution
		Debug|x64 = Debug|x64
		Debug|x86 = Debug|x86
		Release|x64 = Release|x64
		Release|x86 = Release|x86
	EndGlobalSection
	GlobalSection(ProjectConfigurationPlatforms) = postSolution
		{35F11B49-DCA6-49EC-9D6A-57984DD3EB3B}.Debug|x64.ActiveCfg = Debug|x64
		{35F11B49-DCA6-49EC-9D6A-57984DD3EB3B}.Debug|x64.Build.0 = Debug|x64
		{35F11B49-DCA6-49EC-9D6A-57984DD3EB3B}.Debug|x86.ActiveCfg = Debug|Win32
		{35F11B49-DCA6-49EC-9D6A-57984DD3EB3B}.Debug|x86.Build.0 = Debug|Win32
		{35F11B49-DCA6-49EC-9D6A-57984DD3EB3B}.Release|x64.ActiveCfg = Release|x64
		{35F11B49-DCA6-49EC-9D6A-57984DD3EB3B}.Release|x64.Build.0 = Release|x64
		{35F11B49-DCA6-49EC-9D6A-57984DD3EB3B}.Release|x86.ActiveCfg = Release|Win32
		{35F11B49-DCA6-49EC-9D6A-57984DD3EB3B}.Release|x86.Build.0 = Release|Win32
	EndGlobalSection
	GlobalSection(SolutionProperties) = preSolution
		HideSolutionNode = FALSE
	EndGlobalSection
	GlobalSection(ExtensibilityGlobals) = postSolution
		SolutionGuid = {94828A37-C548-466D-BBB1-11A8F1607DE6}
	EndGlobalSection
EndGlobal
